
Microsoft Visual Studio Solution File, Format Version 12.00
# Visual Studio 2013
VisualStudioVersion = 12.0.0.0
MinimumVisualStudioVersion = 10.0.0.1
Project("{8BB2217D-0F2D-49D1-97BC-3654ED321F3B}") = "DeepCloner.Core", "DeepCloner\DeepCloner.Core.csproj", "{CB0E426A-9468-48FA-9679-A782801F1D15}"
EndProject
Project("{8BB2217D-0F2D-49D1-97BC-3654ED321F3B}") = "DeepCloner.Tests", "DeepCloner.Tests\DeepCloner.Tests.Core.csproj", "{4939517A-4872-4CD3-9618-B3C69B68B688}"
EndProject
Project("{2150E333-8FDC-42A3-9474-1A3956D46DE8}") = "Docs", "Docs", "{61E9C5A9-C238-44DB-B8FC-C9440B1E6E16}"
ProjectSection(SolutionItems) = preProject
	README.md = README.md
EndProjectSection
EndProject
Global
	GlobalSection(SolutionConfigurationPlatforms) = preSolution
		Debug|Any CPU = Debug|Any CPU
		Release|Any CPU = Release|Any CPU
	EndGlobalSection
	GlobalSection(ProjectConfigurationPlatforms) = postSolution
		{CB0E426A-9468-48FA-9679-A782801F1D15}.Debug|Any CPU.ActiveCfg = Debug|Any CPU
		{CB0E426A-9468-48FA-9679-A782801F1D15}.Debug|Any CPU.Build.0 = Debug|Any CPU
		{CB0E426A-9468-48FA-9679-A782801F1D15}.Release|Any CPU.ActiveCfg = Release|Any CPU
		{CB0E426A-9468-48FA-9679-A782801F1D15}.Release|Any CPU.Build.0 = Release|Any CPU
		{4939517A-4872-4CD3-9618-B3C69B68B688}.Debug|Any CPU.ActiveCfg = Debug|Any CPU
		{4939517A-4872-4CD3-9618-B3C69B68B688}.Debug|Any CPU.Build.0 = Debug|Any CPU
		{4939517A-4872-4CD3-9618-B3C69B68B688}.Release|Any CPU.ActiveCfg = Release|Any CPU
		{4939517A-4872-4CD3-9618-B3C69B68B688}.Release|Any CPU.Build.0 = Release|Any CPU
	EndGlobalSection
	GlobalSection(SolutionProperties) = preSolution
		HideSolutionNode = FALSE
	EndGlobalSection
EndGlobal
