
Microsoft Visual Studio Solution File, Format Version 12.00
# Visual Studio Version 16
VisualStudioVersion = 16.0.28917.181
MinimumVisualStudioVersion = 10.0.40219.1
Project("{FAE04EC0-301F-11D3-BF4B-00C04F79EFBC}") = "DeepCloner", "DeepCloner\DeepCloner.csproj", "{6BB0A0AB-67F9-45E4-B60C-4CEED098D463}"
EndProject
Project("{FAE04EC0-301F-11D3-BF4B-00C04F79EFBC}") = "DeepCloner.Tests", "DeepCloner.Tests\DeepCloner.Tests.csproj", "{3453CB0A-BE66-4770-B92E-7A5917AD56A1}"
EndProject
Project("{2150E333-8FDC-42A3-9474-1A3956D46DE8}") = "SolutionItems", "SolutionItems", "{00A85035-0109-4017-A3B2-6A12BD6DA4ED}"
	ProjectSection(SolutionItems) = preProject
		Gruntfile.js = Gruntfile.js
		nuget.config = nuget.config
		package.json = package.json
	EndProjectSection
EndProject
Global
	GlobalSection(SolutionConfigurationPlatforms) = preSolution
		Debug|Any CPU = Debug|Any CPU
		Release|Any CPU = Release|Any CPU
	EndGlobalSection
	GlobalSection(ProjectConfigurationPlatforms) = postSolution
		{6BB0A0AB-67F9-45E4-B60C-4CEED098D463}.Debug|Any CPU.ActiveCfg = Debug|Any CPU
		{6BB0A0AB-67F9-45E4-B60C-4CEED098D463}.Debug|Any CPU.Build.0 = Debug|Any CPU
		{6BB0A0AB-67F9-45E4-B60C-4CEED098D463}.Release|Any CPU.ActiveCfg = Release|Any CPU
		{6BB0A0AB-67F9-45E4-B60C-4CEED098D463}.Release|Any CPU.Build.0 = Release|Any CPU
		{3453CB0A-BE66-4770-B92E-7A5917AD56A1}.Debug|Any CPU.ActiveCfg = Debug|Any CPU
		{3453CB0A-BE66-4770-B92E-7A5917AD56A1}.Debug|Any CPU.Build.0 = Debug|Any CPU
		{3453CB0A-BE66-4770-B92E-7A5917AD56A1}.Release|Any CPU.ActiveCfg = Release|Any CPU
		{3453CB0A-BE66-4770-B92E-7A5917AD56A1}.Release|Any CPU.Build.0 = Release|Any CPU
	EndGlobalSection
	GlobalSection(SolutionProperties) = preSolution
		HideSolutionNode = FALSE
	EndGlobalSection
	GlobalSection(ExtensibilityGlobals) = postSolution
		SolutionGuid = {744DD1F1-9362-45DA-86D4-55573D810A88}
	EndGlobalSection
EndGlobal
